// !$*UTF8*$!
{
	archiveVersion = 1;
	classes = {
	};
	objectVersion = 50;
	objects = {

/* Begin PBXFileReference section */
		1697248627B0D255001AF25C /* index.html */ = {isa = PBXFileReference; lastKnownFileType = text.html; path = index.html; sourceTree = "<group>"; };
		1697248727B0D273001AF25C /* style.css */ = {isa = PBXFileReference; lastKnownFileType = text.css; path = style.css; sourceTree = "<group>"; };
		1697248827B0D2B5001AF25C /* script.js */ = {isa = PBXFileReference; lastKnownFileType = sourcecode.javascript; path = script.js; sourceTree = "<group>"; };
/* End PBXFileReference section */

/* Begin PBXGroup section */
		1697247F27B0D135001AF25C = {
			isa = PBXGroup;
			children = (
				1697248827B0D2B5001AF25C /* script.js */,
				1697248727B0D273001AF25C /* style.css */,
				1697248627B0D255001AF25C /* index.html */,
			);
			sourceTree = "<group>";
		};
/* End PBXGroup section */

/* Begin PBXProject section */
		1697248027B0D135001AF25C /* Project object */ = {
			isa = PBXProject;
			attributes = {
				LastUpgradeCheck = 1240;
			};
			buildConfigurationList = 1697248327B0D135001AF25C /* Build configuration list for PBXProject "javascript_basics" */;
			compatibilityVersion = "Xcode 9.3";
			developmentRegion = en;
			hasScannedForEncodings = 0;
			knownRegions = (
				en,
				Base,
			);
			mainGroup = 1697247F27B0D135001AF25C;
			projectDirPath = "";
			projectRoot = "";
			targets = (
			);
		};
/* End PBXProject section */

/* Begin XCBuildConfiguration section */
		1697248427B0D135001AF25C /* Debug */ = {
			isa = XCBuildConfiguration;
			buildSettings = {
			};
			name = Debug;
		};
		1697248527B0D135001AF25C /* Release */ = {
			isa = XCBuildConfiguration;
			buildSettings = {
			};
			name = Release;
		};
/* End XCBuildConfiguration section */

/* Begin XCConfigurationList section */
		1697248327B0D135001AF25C /* Build configuration list for PBXProject "javascript_basics" */ = {
			isa = XCConfigurationList;
			buildConfigurations = (
				1697248427B0D135001AF25C /* Debug */,
				1697248527B0D135001AF25C /* Release */,
			);
			defaultConfigurationIsVisible = 0;
			defaultConfigurationName = Release;
		};
/* End XCConfigurationList section */
	};
	rootObject = 1697248027B0D135001AF25C /* Project object */;
}
